
Microsoft Visual Studio Solution File, Format Version 12.00
# Visual Studio Version 16
VisualStudioVersion = 16.0.29209.62
MinimumVisualStudioVersion = 10.0.40219.1
Project("{888888A0-9F3D-457C-B088-3A5042F75D52}") = "Filmbewertung", "Filmbewertung\Filmbewertung.pyproj", "{A696722C-366E-48CF-8CED-DE1B6EF61A74}"
EndProject
Global
	GlobalSection(SolutionConfigurationPlatforms) = preSolution
		Debug|Any CPU = Debug|Any CPU
		Release|Any CPU = Release|Any CPU
	EndGlobalSection
	GlobalSection(ProjectConfigurationPlatforms) = postSolution
		{A696722C-366E-48CF-8CED-DE1B6EF61A74}.Debug|Any CPU.ActiveCfg = Debug|Any CPU
		{A696722C-366E-48CF-8CED-DE1B6EF61A74}.Release|Any CPU.ActiveCfg = Release|Any CPU
	EndGlobalSection
	GlobalSection(SolutionProperties) = preSolution
		HideSolutionNode = FALSE
	EndGlobalSection
	GlobalSection(ExtensibilityGlobals) = postSolution
		SolutionGuid = {C872C1EC-916F-47BF-946B-7EB11D241AD9}
	EndGlobalSection
EndGlobal
